// !$*UTF8*$!
{
	archiveVersion = 1;
	classes = {
	};
	objectVersion = 48;
	objects = {

/* Begin PBXBuildFile section */
		76028E7DF6D6B6888EE7BE83 /* Pods_Todoey.framework in Frameworks */ = {isa = PBXBuildFile; fileRef = 31DFC757DC81C6E309EB7F6A /* Pods_Todoey.framework */; };
		E727D84E1FF7FE1A00488B1F /* AppDelegate.swift in Sources */ = {isa = PBXBuildFile; fileRef = E727D84D1FF7FE1A00488B1F /* AppDelegate.swift */; };
		E727D8501FF7FE1A00488B1F /* TodoListViewController.swift in Sources */ = {isa = PBXBuildFile; fileRef = E727D84F1FF7FE1A00488B1F /* TodoListViewController.swift */; };
		E727D8531FF7FE1A00488B1F /* Main.storyboard in Resources */ = {isa = PBXBuildFile; fileRef = E727D8511FF7FE1A00488B1F /* Main.storyboard */; };
		E727D8551FF7FE1A00488B1F /* Assets.xcassets in Resources */ = {isa = PBXBuildFile; fileRef = E727D8541FF7FE1A00488B1F /* Assets.xcassets */; };
		E727D8581FF7FE1A00488B1F /* LaunchScreen.storyboard in Resources */ = {isa = PBXBuildFile; fileRef = E727D8561FF7FE1A00488B1F /* LaunchScreen.storyboard */; };
		E7943DAB1FF9732B00E9D7CB /* DataModel.xcdatamodeld in Sources */ = {isa = PBXBuildFile; fileRef = E7943DA91FF9732B00E9D7CB /* DataModel.xcdatamodeld */; };
		E794F280200174BD00A51886 /* CategoryViewController.swift in Sources */ = {isa = PBXBuildFile; fileRef = E794F27F200174BD00A51886 /* CategoryViewController.swift */; };
/* End PBXBuildFile section */

/* Begin PBXFileReference section */
		190DF2E0E44CFB3D4AD6D56E /* Pods-Todoey.release.xcconfig */ = {isa = PBXFileReference; includeInIndex = 1; lastKnownFileType = text.xcconfig; name = "Pods-Todoey.release.xcconfig"; path = "Pods/Target Support Files/Pods-Todoey/Pods-Todoey.release.xcconfig"; sourceTree = "<group>"; };
		31DFC757DC81C6E309EB7F6A /* Pods_Todoey.framework */ = {isa = PBXFileReference; explicitFileType = wrapper.framework; includeInIndex = 0; path = Pods_Todoey.framework; sourceTree = BUILT_PRODUCTS_DIR; };
		E727D84A1FF7FE1A00488B1F /* Todoey.app */ = {isa = PBXFileReference; explicitFileType = wrapper.application; includeInIndex = 0; path = Todoey.app; sourceTree = BUILT_PRODUCTS_DIR; };
		E727D84D1FF7FE1A00488B1F /* AppDelegate.swift */ = {isa = PBXFileReference; lastKnownFileType = sourcecode.swift; path = AppDelegate.swift; sourceTree = "<group>"; };
		E727D84F1FF7FE1A00488B1F /* TodoListViewController.swift */ = {isa = PBXFileReference; lastKnownFileType = sourcecode.swift; path = TodoListViewController.swift; sourceTree = "<group>"; };
		E727D8521FF7FE1A00488B1F /* Base */ = {isa = PBXFileReference; lastKnownFileType = file.storyboard; name = Base; path = Base.lproj/Main.storyboard; sourceTree = "<group>"; };
		E727D8541FF7FE1A00488B1F /* Assets.xcassets */ = {isa = PBXFileReference; lastKnownFileType = folder.assetcatalog; path = Assets.xcassets; sourceTree = "<group>"; };
		E727D8571FF7FE1A00488B1F /* Base */ = {isa = PBXFileReference; lastKnownFileType = file.storyboard; name = Base; path = Base.lproj/LaunchScreen.storyboard; sourceTree = "<group>"; };
		E727D8591FF7FE1A00488B1F /* Info.plist */ = {isa = PBXFileReference; lastKnownFileType = text.plist.xml; path = Info.plist; sourceTree = "<group>"; };
		E7943DAA1FF9732B00E9D7CB /* DataModel.xcdatamodel */ = {isa = PBXFileReference; lastKnownFileType = wrapper.xcdatamodel; path = DataModel.xcdatamodel; sourceTree = "<group>"; };
		E794F27F200174BD00A51886 /* CategoryViewController.swift */ = {isa = PBXFileReference; lastKnownFileType = sourcecode.swift; path = CategoryViewController.swift; sourceTree = "<group>"; };
		FB1CF8347CAFB4A22496337B /* Pods-Todoey.debug.xcconfig */ = {isa = PBXFileReference; includeInIndex = 1; lastKnownFileType = text.xcconfig; name = "Pods-Todoey.debug.xcconfig"; path = "Pods/Target Support Files/Pods-Todoey/Pods-Todoey.debug.xcconfig"; sourceTree = "<group>"; };
/* End PBXFileReference section */

/* Begin PBXFrameworksBuildPhase section */
		E727D8471FF7FE1A00488B1F /* Frameworks */ = {
			isa = PBXFrameworksBuildPhase;
			buildActionMask = 2147483647;
			files = (
				76028E7DF6D6B6888EE7BE83 /* Pods_Todoey.framework in Frameworks */,
			);
			runOnlyForDeploymentPostprocessing = 0;
		};
/* End PBXFrameworksBuildPhase section */

/* Begin PBXGroup section */
		955CD8D8468A5B0C1BC0F3E8 /* Frameworks */ = {
			isa = PBXGroup;
			children = (
				31DFC757DC81C6E309EB7F6A /* Pods_Todoey.framework */,
			);
			name = Frameworks;
			sourceTree = "<group>";
		};
		E727D8411FF7FE1A00488B1F = {
			isa = PBXGroup;
			children = (
				E727D84C1FF7FE1A00488B1F /* Todoey */,
				E727D84B1FF7FE1A00488B1F /* Products */,
				F72E32A9FA66028F9DE09E07 /* Pods */,
				955CD8D8468A5B0C1BC0F3E8 /* Frameworks */,
			);
			sourceTree = "<group>";
		};
		E727D84B1FF7FE1A00488B1F /* Products */ = {
			isa = PBXGroup;
			children = (
				E727D84A1FF7FE1A00488B1F /* Todoey.app */,
			);
			name = Products;
			sourceTree = "<group>";
		};
		E727D84C1FF7FE1A00488B1F /* Todoey */ = {
			isa = PBXGroup;
			children = (
				E727D84D1FF7FE1A00488B1F /* AppDelegate.swift */,
				E7E1E7011FF881D9009CA981 /* Controllers */,
				E7E1E7021FF881EA009CA981 /* Views */,
				E7E1E7001FF881BA009CA981 /* Data Model */,
				E7E1E7031FF88205009CA981 /* Supporting Files */,
				E727D8591FF7FE1A00488B1F /* Info.plist */,
			);
			path = Todoey;
			sourceTree = "<group>";
		};
		E7E1E7001FF881BA009CA981 /* Data Model */ = {
			isa = PBXGroup;
			children = (
				E7943DA91FF9732B00E9D7CB /* DataModel.xcdatamodeld */,
			);
			path = "Data Model";
			sourceTree = "<group>";
		};
		E7E1E7011FF881D9009CA981 /* Controllers */ = {
			isa = PBXGroup;
			children = (
				E794F27F200174BD00A51886 /* CategoryViewController.swift */,
				E727D84F1FF7FE1A00488B1F /* TodoListViewController.swift */,
			);
			path = Controllers;
			sourceTree = "<group>";
		};
		E7E1E7021FF881EA009CA981 /* Views */ = {
			isa = PBXGroup;
			children = (
				E727D8511FF7FE1A00488B1F /* Main.storyboard */,
			);
			path = Views;
			sourceTree = "<group>";
		};
		E7E1E7031FF88205009CA981 /* Supporting Files */ = {
			isa = PBXGroup;
			children = (
				E727D8541FF7FE1A00488B1F /* Assets.xcassets */,
				E727D8561FF7FE1A00488B1F /* LaunchScreen.storyboard */,
			);
			path = "Supporting Files";
			sourceTree = "<group>";
		};
		F72E32A9FA66028F9DE09E07 /* Pods */ = {
			isa = PBXGroup;
			children = (
				FB1CF8347CAFB4A22496337B /* Pods-Todoey.debug.xcconfig */,
				190DF2E0E44CFB3D4AD6D56E /* Pods-Todoey.release.xcconfig */,
			);
			name = Pods;
			sourceTree = "<group>";
		};
/* End PBXGroup section */

/* Begin PBXNativeTarget section */
		E727D8491FF7FE1A00488B1F /* Todoey */ = {
			isa = PBXNativeTarget;
			buildConfigurationList = E727D85C1FF7FE1A00488B1F /* Build configuration list for PBXNativeTarget "Todoey" */;
			buildPhases = (
				15B1FC1DD5FBD27DB8312FF6 /* [CP] Check Pods Manifest.lock */,
				E727D8461FF7FE1A00488B1F /* Sources */,
				E727D8471FF7FE1A00488B1F /* Frameworks */,
				E727D8481FF7FE1A00488B1F /* Resources */,
				9DA1E8D1F31CC5C5737F04B1 /* [CP] Embed Pods Frameworks */,
				3ADA3A7DADB93BC7E6EB302D /* [CP] Copy Pods Resources */,
			);
			buildRules = (
			);
			dependencies = (
			);
			name = Todoey;
			productName = Todoey;
			productReference = E727D84A1FF7FE1A00488B1F /* Todoey.app */;
			productType = "com.apple.product-type.application";
		};
/* End PBXNativeTarget section */

/* Begin PBXProject section */
		E727D8421FF7FE1A00488B1F /* Project object */ = {
			isa = PBXProject;
			attributes = {
				LastSwiftUpdateCheck = 0920;
				LastUpgradeCheck = 0920;
				ORGANIZATIONNAME = "Trueman Wong";
				TargetAttributes = {
					E727D8491FF7FE1A00488B1F = {
						CreatedOnToolsVersion = 9.2;
						ProvisioningStyle = Automatic;
					};
				};
			};
			buildConfigurationList = E727D8451FF7FE1A00488B1F /* Build configuration list for PBXProject "Todoey" */;
			compatibilityVersion = "Xcode 8.0";
			developmentRegion = en;
			hasScannedForEncodings = 0;
			knownRegions = (
				en,
				Base,
			);
			mainGroup = E727D8411FF7FE1A00488B1F;
			productRefGroup = E727D84B1FF7FE1A00488B1F /* Products */;
			projectDirPath = "";
			projectRoot = "";
			targets = (
				E727D8491FF7FE1A00488B1F /* Todoey */,
			);
		};
/* End PBXProject section */

/* Begin PBXResourcesBuildPhase section */
		E727D8481FF7FE1A00488B1F /* Resources */ = {
			isa = PBXResourcesBuildPhase;
			buildActionMask = 2147483647;
			files = (
				E727D8581FF7FE1A00488B1F /* LaunchScreen.storyboard in Resources */,
				E727D8551FF7FE1A00488B1F /* Assets.xcassets in Resources */,
				E727D8531FF7FE1A00488B1F /* Main.storyboard in Resources */,
			);
			runOnlyForDeploymentPostprocessing = 0;
		};
/* End PBXResourcesBuildPhase section */

/* Begin PBXShellScriptBuildPhase section */
		15B1FC1DD5FBD27DB8312FF6 /* [CP] Check Pods Manifest.lock */ = {
			isa = PBXShellScriptBuildPhase;
			buildActionMask = 2147483647;
			files = (
			);
			inputPaths = (
				"${PODS_PODFILE_DIR_PATH}/Podfile.lock",
				"${PODS_ROOT}/Manifest.lock",
			);
			name = "[CP] Check Pods Manifest.lock";
			outputPaths = (
				"$(DERIVED_FILE_DIR)/Pods-Todoey-checkManifestLockResult.txt",
			);
			runOnlyForDeploymentPostprocessing = 0;
			shellPath = /bin/sh;
			shellScript = "diff \"${PODS_PODFILE_DIR_PATH}/Podfile.lock\" \"${PODS_ROOT}/Manifest.lock\" > /dev/null\nif [ $? != 0 ] ; then\n    # print error to STDERR\n    echo \"error: The sandbox is not in sync with the Podfile.lock. Run 'pod install' or update your CocoaPods installation.\" >&2\n    exit 1\nfi\n# This output is used by Xcode 'outputs' to avoid re-running this script phase.\necho \"SUCCESS\" > \"${SCRIPT_OUTPUT_FILE_0}\"\n";
			showEnvVarsInLog = 0;
		};
		3ADA3A7DADB93BC7E6EB302D /* [CP] Copy Pods Resources */ = {
			isa = PBXShellScriptBuildPhase;
			buildActionMask = 2147483647;
			files = (
			);
			inputPaths = (
			);
			name = "[CP] Copy Pods Resources";
			outputPaths = (
			);
			runOnlyForDeploymentPostprocessing = 0;
			shellPath = /bin/sh;
			shellScript = "\"${SRCROOT}/Pods/Target Support Files/Pods-Todoey/Pods-Todoey-resources.sh\"\n";
			showEnvVarsInLog = 0;
		};
		9DA1E8D1F31CC5C5737F04B1 /* [CP] Embed Pods Frameworks */ = {
			isa = PBXShellScriptBuildPhase;
			buildActionMask = 2147483647;
			files = (
			);
			inputPaths = (
				"${SRCROOT}/Pods/Target Support Files/Pods-Todoey/Pods-Todoey-frameworks.sh",
				"${BUILT_PRODUCTS_DIR}/Realm/Realm.framework",
				"${BUILT_PRODUCTS_DIR}/RealmSwift/RealmSwift.framework",
			);
			name = "[CP] Embed Pods Frameworks";
			outputPaths = (
				"${TARGET_BUILD_DIR}/${FRAMEWORKS_FOLDER_PATH}/Realm.framework",
				"${TARGET_BUILD_DIR}/${FRAMEWORKS_FOLDER_PATH}/RealmSwift.framework",
			);
			runOnlyForDeploymentPostprocessing = 0;
			shellPath = /bin/sh;
			shellScript = "\"${SRCROOT}/Pods/Target Support Files/Pods-Todoey/Pods-Todoey-frameworks.sh\"\n";
			showEnvVarsInLog = 0;
		};
/* End PBXShellScriptBuildPhase section */

/* Begin PBXSourcesBuildPhase section */
		E727D8461FF7FE1A00488B1F /* Sources */ = {
			isa = PBXSourcesBuildPhase;
			buildActionMask = 2147483647;
			files = (
				E794F280200174BD00A51886 /* CategoryViewController.swift in Sources */,
				E727D8501FF7FE1A00488B1F /* TodoListViewController.swift in Sources */,
				E7943DAB1FF9732B00E9D7CB /* DataModel.xcdatamodeld in Sources */,
				E727D84E1FF7FE1A00488B1F /* AppDelegate.swift in Sources */,
			);
			runOnlyForDeploymentPostprocessing = 0;
		};
/* End PBXSourcesBuildPhase section */

/* Begin PBXVariantGroup section */
		E727D8511FF7FE1A00488B1F /* Main.storyboard */ = {
			isa = PBXVariantGroup;
			children = (
				E727D8521FF7FE1A00488B1F /* Base */,
			);
			name = Main.storyboard;
			sourceTree = "<group>";
		};
		E727D8561FF7FE1A00488B1F /* LaunchScreen.storyboard */ = {
			isa = PBXVariantGroup;
			children = (
				E727D8571FF7FE1A00488B1F /* Base */,
			);
			name = LaunchScreen.storyboard;
			sourceTree = "<group>";
		};
/* End PBXVariantGroup section */

/* Begin XCBuildConfiguration section */
		E727D85A1FF7FE1A00488B1F /* Debug */ = {
			isa = XCBuildConfiguration;
			buildSettings = {
				ALWAYS_SEARCH_USER_PATHS = NO;
				CLANG_ANALYZER_NONNULL = YES;
				CLANG_ANALYZER_NUMBER_OBJECT_CONVERSION = YES_AGGRESSIVE;
				CLANG_CXX_LANGUAGE_STANDARD = "gnu++14";
				CLANG_CXX_LIBRARY = "libc++";
				CLANG_ENABLE_MODULES = YES;
				CLANG_ENABLE_OBJC_ARC = YES;
				CLANG_WARN_BLOCK_CAPTURE_AUTORELEASING = YES;
				CLANG_WARN_BOOL_CONVERSION = YES;
				CLANG_WARN_COMMA = YES;
				CLANG_WARN_CONSTANT_CONVERSION = YES;
				CLANG_WARN_DIRECT_OBJC_ISA_USAGE = YES_ERROR;
				CLANG_WARN_DOCUMENTATION_COMMENTS = YES;
				CLANG_WARN_EMPTY_BODY = YES;
				CLANG_WARN_ENUM_CONVERSION = YES;
				CLANG_WARN_INFINITE_RECURSION = YES;
				CLANG_WARN_INT_CONVERSION = YES;
				CLANG_WARN_NON_LITERAL_NULL_CONVERSION = YES;
				CLANG_WARN_OBJC_LITERAL_CONVERSION = YES;
				CLANG_WARN_OBJC_ROOT_CLASS = YES_ERROR;
				CLANG_WARN_RANGE_LOOP_ANALYSIS = YES;
				CLANG_WARN_STRICT_PROTOTYPES = YES;
				CLANG_WARN_SUSPICIOUS_MOVE = YES;
				CLANG_WARN_UNGUARDED_AVAILABILITY = YES_AGGRESSIVE;
				CLANG_WARN_UNREACHABLE_CODE = YES;
				CLANG_WARN__DUPLICATE_METHOD_MATCH = YES;
				CODE_SIGN_IDENTITY = "iPhone Developer";
				COPY_PHASE_STRIP = NO;
				DEBUG_INFORMATION_FORMAT = dwarf;
				ENABLE_STRICT_OBJC_MSGSEND = YES;
				ENABLE_TESTABILITY = YES;
				GCC_C_LANGUAGE_STANDARD = gnu11;
				GCC_DYNAMIC_NO_PIC = NO;
				GCC_NO_COMMON_BLOCKS = YES;
				GCC_OPTIMIZATION_LEVEL = 0;
				GCC_PREPROCESSOR_DEFINITIONS = (
					"DEBUG=1",
					"$(inherited)",
				);
				GCC_WARN_64_TO_32_BIT_CONVERSION = YES;
				GCC_WARN_ABOUT_RETURN_TYPE = YES_ERROR;
				GCC_WARN_UNDECLARED_SELECTOR = YES;
				GCC_WARN_UNINITIALIZED_AUTOS = YES_AGGRESSIVE;
				GCC_WARN_UNUSED_FUNCTION = YES;
				GCC_WARN_UNUSED_VARIABLE = YES;
				IPHONEOS_DEPLOYMENT_TARGET = 11.2;
				MTL_ENABLE_DEBUG_INFO = YES;
				ONLY_ACTIVE_ARCH = YES;
				SDKROOT = iphoneos;
				SWIFT_ACTIVE_COMPILATION_CONDITIONS = DEBUG;
				SWIFT_OPTIMIZATION_LEVEL = "-Onone";
			};
			name = Debug;
		};
		E727D85B1FF7FE1A00488B1F /* Release */ = {
			isa = XCBuildConfiguration;
			buildSettings = {
				ALWAYS_SEARCH_USER_PATHS = NO;
				CLANG_ANALYZER_NONNULL = YES;
				CLANG_ANALYZER_NUMBER_OBJECT_CONVERSION = YES_AGGRESSIVE;
				CLANG_CXX_LANGUAGE_STANDARD = "gnu++14";
				CLANG_CXX_LIBRARY = "libc++";
				CLANG_ENABLE_MODULES = YES;
				CLANG_ENABLE_OBJC_ARC = YES;
				CLANG_WARN_BLOCK_CAPTURE_AUTORELEASING = YES;
				CLANG_WARN_BOOL_CONVERSION = YES;
				CLANG_WARN_COMMA = YES;
				CLANG_WARN_CONSTANT_CONVERSION = YES;
				CLANG_WARN_DIRECT_OBJC_ISA_USAGE = YES_ERROR;
				CLANG_WARN_DOCUMENTATION_COMMENTS = YES;
				CLANG_WARN_EMPTY_BODY = YES;
				CLANG_WARN_ENUM_CONVERSION = YES;
				CLANG_WARN_INFINITE_RECURSION = YES;
				CLANG_WARN_INT_CONVERSION = YES;
				CLANG_WARN_NON_LITERAL_NULL_CONVERSION = YES;
				CLANG_WARN_OBJC_LITERAL_CONVERSION = YES;
				CLANG_WARN_OBJC_ROOT_CLASS = YES_ERROR;
				CLANG_WARN_RANGE_LOOP_ANALYSIS = YES;
				CLANG_WARN_STRICT_PROTOTYPES = YES;
				CLANG_WARN_SUSPICIOUS_MOVE = YES;
				CLANG_WARN_UNGUARDED_AVAILABILITY = YES_AGGRESSIVE;
				CLANG_WARN_UNREACHABLE_CODE = YES;
				CLANG_WARN__DUPLICATE_METHOD_MATCH = YES;
				CODE_SIGN_IDENTITY = "iPhone Developer";
				COPY_PHASE_STRIP = NO;
				DEBUG_INFORMATION_FORMAT = "dwarf-with-dsym";
				ENABLE_NS_ASSERTIONS = NO;
				ENABLE_STRICT_OBJC_MSGSEND = YES;
				GCC_C_LANGUAGE_STANDARD = gnu11;
				GCC_NO_COMMON_BLOCKS = YES;
				GCC_WARN_64_TO_32_BIT_CONVERSION = YES;
				GCC_WARN_ABOUT_RETURN_TYPE = YES_ERROR;
				GCC_WARN_UNDECLARED_SELECTOR = YES;
				GCC_WARN_UNINITIALIZED_AUTOS = YES_AGGRESSIVE;
				GCC_WARN_UNUSED_FUNCTION = YES;
				GCC_WARN_UNUSED_VARIABLE = YES;
				IPHONEOS_DEPLOYMENT_TARGET = 11.2;
				MTL_ENABLE_DEBUG_INFO = NO;
				SDKROOT = iphoneos;
				SWIFT_OPTIMIZATION_LEVEL = "-Owholemodule";
				VALIDATE_PRODUCT = YES;
			};
			name = Release;
		};
		E727D85D1FF7FE1A00488B1F /* Debug */ = {
			isa = XCBuildConfiguration;
			baseConfigurationReference = FB1CF8347CAFB4A22496337B /* Pods-Todoey.debug.xcconfig */;
			buildSettings = {
				ASSETCATALOG_COMPILER_APPICON_NAME = AppIcon;
				CODE_SIGN_STYLE = Automatic;
				DEVELOPMENT_TEAM = FK7DSJC6WX;
				INFOPLIST_FILE = Todoey/Info.plist;
				LD_RUNPATH_SEARCH_PATHS = "$(inherited) @executable_path/Frameworks";
				PRODUCT_BUNDLE_IDENTIFIER = ca.trueman.Todoey;
				PRODUCT_NAME = "$(TARGET_NAME)";
				SWIFT_VERSION = 4.0;
				TARGETED_DEVICE_FAMILY = "1,2";
			};
			name = Debug;
		};
		E727D85E1FF7FE1A00488B1F /* Release */ = {
			isa = XCBuildConfiguration;
			baseConfigurationReference = 190DF2E0E44CFB3D4AD6D56E /* Pods-Todoey.release.xcconfig */;
			buildSettings = {
				ASSETCATALOG_COMPILER_APPICON_NAME = AppIcon;
				CODE_SIGN_STYLE = Automatic;
				DEVELOPMENT_TEAM = FK7DSJC6WX;
				INFOPLIST_FILE = Todoey/Info.plist;
				LD_RUNPATH_SEARCH_PATHS = "$(inherited) @executable_path/Frameworks";
				PRODUCT_BUNDLE_IDENTIFIER = ca.trueman.Todoey;
				PRODUCT_NAME = "$(TARGET_NAME)";
				SWIFT_VERSION = 4.0;
				TARGETED_DEVICE_FAMILY = "1,2";
			};
			name = Release;
		};
/* End XCBuildConfiguration section */

/* Begin XCConfigurationList section */
		E727D8451FF7FE1A00488B1F /* Build configuration list for PBXProject "Todoey" */ = {
			isa = XCConfigurationList;
			buildConfigurations = (
				E727D85A1FF7FE1A00488B1F /* Debug */,
				E727D85B1FF7FE1A00488B1F /* Release */,
			);
			defaultConfigurationIsVisible = 0;
			defaultConfigurationName = Release;
		};
		E727D85C1FF7FE1A00488B1F /* Build configuration list for PBXNativeTarget "Todoey" */ = {
			isa = XCConfigurationList;
			buildConfigurations = (
				E727D85D1FF7FE1A00488B1F /* Debug */,
				E727D85E1FF7FE1A00488B1F /* Release */,
			);
			defaultConfigurationIsVisible = 0;
			defaultConfigurationName = Release;
		};
/* End XCConfigurationList section */

/* Begin XCVersionGroup section */
		E7943DA91FF9732B00E9D7CB /* DataModel.xcdatamodeld */ = {
			isa = XCVersionGroup;
			children = (
				E7943DAA1FF9732B00E9D7CB /* DataModel.xcdatamodel */,
			);
			currentVersion = E7943DAA1FF9732B00E9D7CB /* DataModel.xcdatamodel */;
			path = DataModel.xcdatamodeld;
			sourceTree = "<group>";
			versionGroupType = wrapper.xcdatamodel;
		};
/* End XCVersionGroup section */
	};
	rootObject = E727D8421FF7FE1A00488B1F /* Project object */;
}
